
Microsoft Visual Studio Solution File, Format Version 12.00
# Visual Studio Version 16
VisualStudioVersion = 16.0.31624.102
MinimumVisualStudioVersion = 10.0.40219.1
Project("{FAE04EC0-301F-11D3-BF4B-00C04F79EFBC}") = "Poth Dekho", "Poth Dekho\Poth Dekho.csproj", "{421C5C90-6EC6-4F18-9847-1F6566BA7FF8}"
EndProject
Global
	GlobalSection(SolutionConfigurationPlatforms) = preSolution
		Debug|Any CPU = Debug|Any CPU
		Release|Any CPU = Release|Any CPU
	EndGlobalSection
	GlobalSection(ProjectConfigurationPlatforms) = postSolution
		{421C5C90-6EC6-4F18-9847-1F6566BA7FF8}.Debug|Any CPU.ActiveCfg = Debug|Any CPU
		{421C5C90-6EC6-4F18-9847-1F6566BA7FF8}.Debug|Any CPU.Build.0 = Debug|Any CPU
		{421C5C90-6EC6-4F18-9847-1F6566BA7FF8}.Release|Any CPU.ActiveCfg = Release|Any CPU
		{421C5C90-6EC6-4F18-9847-1F6566BA7FF8}.Release|Any CPU.Build.0 = Release|Any CPU
	EndGlobalSection
	GlobalSection(SolutionProperties) = preSolution
		HideSolutionNode = FALSE
	EndGlobalSection
	GlobalSection(ExtensibilityGlobals) = postSolution
		SolutionGuid = {AEC22044-6F6B-431C-ABBA-0FB6CDA2D8B1}
	EndGlobalSection
EndGlobal
